// !$*UTF8*$!
{
	archiveVersion = 1;
	classes = {
	};
	objectVersion = 56;
	objects = {

/* Begin PBXBuildFile section */
		3B10E65129715D3F00084E88 /* CategoryView.swift in Sources */ = {isa = PBXBuildFile; fileRef = 3B10E63E29715D3E00084E88 /* CategoryView.swift */; };
		3B10E65229715D3F00084E88 /* CategoryExtensions.swift in Sources */ = {isa = PBXBuildFile; fileRef = 3B10E64029715D3E00084E88 /* CategoryExtensions.swift */; };
		3B10E65329715D3F00084E88 /* CircleComponent.swift in Sources */ = {isa = PBXBuildFile; fileRef = 3B10E64129715D3E00084E88 /* CircleComponent.swift */; };
		3B10E65429715D3F00084E88 /* CategoryFieldComponent.swift in Sources */ = {isa = PBXBuildFile; fileRef = 3B10E64229715D3E00084E88 /* CategoryFieldComponent.swift */; };
		3B10E65729715D3F00084E88 /* ItemsList.swift in Sources */ = {isa = PBXBuildFile; fileRef = 3B10E64729715D3E00084E88 /* ItemsList.swift */; };
		3B10E65829715D3F00084E88 /* AddModal.swift in Sources */ = {isa = PBXBuildFile; fileRef = 3B10E64829715D3E00084E88 /* AddModal.swift */; };
		3B10E65929715D3F00084E88 /* TemporaryView.swift in Sources */ = {isa = PBXBuildFile; fileRef = 3B10E64929715D3E00084E88 /* TemporaryView.swift */; };
		3B10E65D29715D3F00084E88 /* ProductRow.swift in Sources */ = {isa = PBXBuildFile; fileRef = 3B10E64F29715D3F00084E88 /* ProductRow.swift */; };
		3B10E65E29715D3F00084E88 /* ProductList.swift in Sources */ = {isa = PBXBuildFile; fileRef = 3B10E65029715D3F00084E88 /* ProductList.swift */; };
		3B10E66329715E5400084E88 /* exPIERedApp.swift in Sources */ = {isa = PBXBuildFile; fileRef = 3B10E66029715E5400084E88 /* exPIERedApp.swift */; };
		3B10E66429715E5400084E88 /* HighlightsPage.swift in Sources */ = {isa = PBXBuildFile; fileRef = 3B10E66129715E5400084E88 /* HighlightsPage.swift */; };
		3B10E66529715E5400084E88 /* Preview Assets.xcassets in Resources */ = {isa = PBXBuildFile; fileRef = 3B10E66229715E5400084E88 /* Preview Assets.xcassets */; };
		3B10E66A29715EAC00084E88 /* Product.swift in Sources */ = {isa = PBXBuildFile; fileRef = 3B10E66929715EAC00084E88 /* Product.swift */; };
		3B37A728296EC2520040A9AE /* Assets.xcassets in Resources */ = {isa = PBXBuildFile; fileRef = 3B37A727296EC2520040A9AE /* Assets.xcassets */; };
/* End PBXBuildFile section */

/* Begin PBXFileReference section */
		3B10E63E29715D3E00084E88 /* CategoryView.swift */ = {isa = PBXFileReference; fileEncoding = 4; lastKnownFileType = sourcecode.swift; path = CategoryView.swift; sourceTree = "<group>"; };
		3B10E64029715D3E00084E88 /* CategoryExtensions.swift */ = {isa = PBXFileReference; fileEncoding = 4; lastKnownFileType = sourcecode.swift; path = CategoryExtensions.swift; sourceTree = "<group>"; };
		3B10E64129715D3E00084E88 /* CircleComponent.swift */ = {isa = PBXFileReference; fileEncoding = 4; lastKnownFileType = sourcecode.swift; path = CircleComponent.swift; sourceTree = "<group>"; };
		3B10E64229715D3E00084E88 /* CategoryFieldComponent.swift */ = {isa = PBXFileReference; fileEncoding = 4; lastKnownFileType = sourcecode.swift; path = CategoryFieldComponent.swift; sourceTree = "<group>"; };
		3B10E64729715D3E00084E88 /* ItemsList.swift */ = {isa = PBXFileReference; fileEncoding = 4; lastKnownFileType = sourcecode.swift; path = ItemsList.swift; sourceTree = "<group>"; };
		3B10E64829715D3E00084E88 /* AddModal.swift */ = {isa = PBXFileReference; fileEncoding = 4; lastKnownFileType = sourcecode.swift; path = AddModal.swift; sourceTree = "<group>"; };
		3B10E64929715D3E00084E88 /* TemporaryView.swift */ = {isa = PBXFileReference; fileEncoding = 4; lastKnownFileType = sourcecode.swift; path = TemporaryView.swift; sourceTree = "<group>"; };
		3B10E64F29715D3F00084E88 /* ProductRow.swift */ = {isa = PBXFileReference; fileEncoding = 4; lastKnownFileType = sourcecode.swift; path = ProductRow.swift; sourceTree = "<group>"; };
		3B10E65029715D3F00084E88 /* ProductList.swift */ = {isa = PBXFileReference; fileEncoding = 4; lastKnownFileType = sourcecode.swift; path = ProductList.swift; sourceTree = "<group>"; };
		3B10E66029715E5400084E88 /* exPIERedApp.swift */ = {isa = PBXFileReference; fileEncoding = 4; lastKnownFileType = sourcecode.swift; path = exPIERedApp.swift; sourceTree = "<group>"; };
		3B10E66129715E5400084E88 /* HighlightsPage.swift */ = {isa = PBXFileReference; fileEncoding = 4; lastKnownFileType = sourcecode.swift; path = HighlightsPage.swift; sourceTree = "<group>"; };
		3B10E66229715E5400084E88 /* Preview Assets.xcassets */ = {isa = PBXFileReference; lastKnownFileType = folder.assetcatalog; path = "Preview Assets.xcassets"; sourceTree = "<group>"; };
		3B10E66929715EAC00084E88 /* Product.swift */ = {isa = PBXFileReference; fileEncoding = 4; lastKnownFileType = sourcecode.swift; path = Product.swift; sourceTree = "<group>"; };
		3B37A720296EC2510040A9AE /* exPIERed.app */ = {isa = PBXFileReference; explicitFileType = wrapper.application; includeInIndex = 0; path = exPIERed.app; sourceTree = BUILT_PRODUCTS_DIR; };
		3B37A727296EC2520040A9AE /* Assets.xcassets */ = {isa = PBXFileReference; lastKnownFileType = folder.assetcatalog; path = Assets.xcassets; sourceTree = "<group>"; };
/* End PBXFileReference section */

/* Begin PBXFrameworksBuildPhase section */
		3B37A71D296EC2510040A9AE /* Frameworks */ = {
			isa = PBXFrameworksBuildPhase;
			buildActionMask = 2147483647;
			files = (
			);
			runOnlyForDeploymentPostprocessing = 0;
		};
/* End PBXFrameworksBuildPhase section */

/* Begin PBXGroup section */
		3B10E63D29715D3E00084E88 /* Category */ = {
			isa = PBXGroup;
			children = (
				3B10E63E29715D3E00084E88 /* CategoryView.swift */,
				3B10E63F29715D3E00084E88 /* Category components */,
			);
			path = Category;
			sourceTree = "<group>";
		};
		3B10E63F29715D3E00084E88 /* Category components */ = {
			isa = PBXGroup;
			children = (
				3B10E64029715D3E00084E88 /* CategoryExtensions.swift */,
				3B10E64129715D3E00084E88 /* CircleComponent.swift */,
				3B10E64229715D3E00084E88 /* CategoryFieldComponent.swift */,
			);
			path = "Category components";
			sourceTree = "<group>";
		};
		3B10E64629715D3E00084E88 /* Add Product */ = {
			isa = PBXGroup;
			children = (
				3B10E64729715D3E00084E88 /* ItemsList.swift */,
				3B10E64829715D3E00084E88 /* AddModal.swift */,
				3B10E64929715D3E00084E88 /* TemporaryView.swift */,
			);
			path = "Add Product";
			sourceTree = "<group>";
		};
		3B10E64E29715D3F00084E88 /* List */ = {
			isa = PBXGroup;
			children = (
				3B10E64F29715D3F00084E88 /* ProductRow.swift */,
				3B10E65029715D3F00084E88 /* ProductList.swift */,
			);
			path = List;
			sourceTree = "<group>";
		};
		3B10E65F29715E5400084E88 /* Preview Content */ = {
			isa = PBXGroup;
			children = (
				3B10E66029715E5400084E88 /* exPIERedApp.swift */,
				3B10E66129715E5400084E88 /* HighlightsPage.swift */,
				3B10E66229715E5400084E88 /* Preview Assets.xcassets */,
			);
			path = "Preview Content";
			sourceTree = "<group>";
		};
		3B10E66629715E7600084E88 /* Model */ = {
			isa = PBXGroup;
			children = (
				3B10E66929715EAC00084E88 /* Product.swift */,
			);
			path = Model;
			sourceTree = "<group>";
		};
		3B37A717296EC2510040A9AE = {
			isa = PBXGroup;
			children = (
				3B37A722296EC2510040A9AE /* exPIERed */,
				3B37A721296EC2510040A9AE /* Products */,
			);
			sourceTree = "<group>";
		};
		3B37A721296EC2510040A9AE /* Products */ = {
			isa = PBXGroup;
			children = (
				3B37A720296EC2510040A9AE /* exPIERed.app */,
			);
			name = Products;
			sourceTree = "<group>";
		};
		3B37A722296EC2510040A9AE /* exPIERed */ = {
			isa = PBXGroup;
			children = (
				3B10E66629715E7600084E88 /* Model */,
				3B10E65F29715E5400084E88 /* Preview Content */,
				3B10E64629715D3E00084E88 /* Add Product */,
				3B10E63D29715D3E00084E88 /* Category */,
				3B10E64E29715D3F00084E88 /* List */,
				3B37A727296EC2520040A9AE /* Assets.xcassets */,
			);
			path = exPIERed;
			sourceTree = "<group>";
		};
/* End PBXGroup section */

/* Begin PBXNativeTarget section */
		3B37A71F296EC2510040A9AE /* exPIERed */ = {
			isa = PBXNativeTarget;
			buildConfigurationList = 3B37A72E296EC2520040A9AE /* Build configuration list for PBXNativeTarget "exPIERed" */;
			buildPhases = (
				3B37A71C296EC2510040A9AE /* Sources */,
				3B37A71D296EC2510040A9AE /* Frameworks */,
				3B37A71E296EC2510040A9AE /* Resources */,
			);
			buildRules = (
			);
			dependencies = (
			);
			name = exPIERed;
			productName = exPIERed;
			productReference = 3B37A720296EC2510040A9AE /* exPIERed.app */;
			productType = "com.apple.product-type.application";
		};
/* End PBXNativeTarget section */

/* Begin PBXProject section */
		3B37A718296EC2510040A9AE /* Project object */ = {
			isa = PBXProject;
			attributes = {
				BuildIndependentTargetsInParallel = 1;
				LastSwiftUpdateCheck = 1420;
				LastUpgradeCheck = 1420;
				TargetAttributes = {
					3B37A71F296EC2510040A9AE = {
						CreatedOnToolsVersion = 14.2;
					};
				};
			};
			buildConfigurationList = 3B37A71B296EC2510040A9AE /* Build configuration list for PBXProject "exPIERed" */;
			compatibilityVersion = "Xcode 14.0";
			developmentRegion = en;
			hasScannedForEncodings = 0;
			knownRegions = (
				en,
				Base,
			);
			mainGroup = 3B37A717296EC2510040A9AE;
			productRefGroup = 3B37A721296EC2510040A9AE /* Products */;
			projectDirPath = "";
			projectRoot = "";
			targets = (
				3B37A71F296EC2510040A9AE /* exPIERed */,
			);
		};
/* End PBXProject section */

/* Begin PBXResourcesBuildPhase section */
		3B37A71E296EC2510040A9AE /* Resources */ = {
			isa = PBXResourcesBuildPhase;
			buildActionMask = 2147483647;
			files = (
				3B10E66529715E5400084E88 /* Preview Assets.xcassets in Resources */,
				3B37A728296EC2520040A9AE /* Assets.xcassets in Resources */,
			);
			runOnlyForDeploymentPostprocessing = 0;
		};
/* End PBXResourcesBuildPhase section */

/* Begin PBXSourcesBuildPhase section */
		3B37A71C296EC2510040A9AE /* Sources */ = {
			isa = PBXSourcesBuildPhase;
			buildActionMask = 2147483647;
			files = (
				3B10E65729715D3F00084E88 /* ItemsList.swift in Sources */,
				3B10E65829715D3F00084E88 /* AddModal.swift in Sources */,
				3B10E65429715D3F00084E88 /* CategoryFieldComponent.swift in Sources */,
				3B10E65129715D3F00084E88 /* CategoryView.swift in Sources */,
				3B10E65929715D3F00084E88 /* TemporaryView.swift in Sources */,
				3B10E66A29715EAC00084E88 /* Product.swift in Sources */,
				3B10E66329715E5400084E88 /* exPIERedApp.swift in Sources */,
				3B10E65D29715D3F00084E88 /* ProductRow.swift in Sources */,
				3B10E65E29715D3F00084E88 /* ProductList.swift in Sources */,
				3B10E65329715D3F00084E88 /* CircleComponent.swift in Sources */,
				3B10E65229715D3F00084E88 /* CategoryExtensions.swift in Sources */,
				3B10E66429715E5400084E88 /* HighlightsPage.swift in Sources */,
			);
			runOnlyForDeploymentPostprocessing = 0;
		};
/* End PBXSourcesBuildPhase section */

/* Begin XCBuildConfiguration section */
		3B37A72C296EC2520040A9AE /* Debug */ = {
			isa = XCBuildConfiguration;
			buildSettings = {
				ALWAYS_SEARCH_USER_PATHS = NO;
				CLANG_ANALYZER_NONNULL = YES;
				CLANG_ANALYZER_NUMBER_OBJECT_CONVERSION = YES_AGGRESSIVE;
				CLANG_CXX_LANGUAGE_STANDARD = "gnu++20";
				CLANG_ENABLE_MODULES = YES;
				CLANG_ENABLE_OBJC_ARC = YES;
				CLANG_ENABLE_OBJC_WEAK = YES;
				CLANG_WARN_BLOCK_CAPTURE_AUTORELEASING = YES;
				CLANG_WARN_BOOL_CONVERSION = YES;
				CLANG_WARN_COMMA = YES;
				CLANG_WARN_CONSTANT_CONVERSION = YES;
				CLANG_WARN_DEPRECATED_OBJC_IMPLEMENTATIONS = YES;
				CLANG_WARN_DIRECT_OBJC_ISA_USAGE = YES_ERROR;
				CLANG_WARN_DOCUMENTATION_COMMENTS = YES;
				CLANG_WARN_EMPTY_BODY = YES;
				CLANG_WARN_ENUM_CONVERSION = YES;
				CLANG_WARN_INFINITE_RECURSION = YES;
				CLANG_WARN_INT_CONVERSION = YES;
				CLANG_WARN_NON_LITERAL_NULL_CONVERSION = YES;
				CLANG_WARN_OBJC_IMPLICIT_RETAIN_SELF = YES;
				CLANG_WARN_OBJC_LITERAL_CONVERSION = YES;
				CLANG_WARN_OBJC_ROOT_CLASS = YES_ERROR;
				CLANG_WARN_QUOTED_INCLUDE_IN_FRAMEWORK_HEADER = YES;
				CLANG_WARN_RANGE_LOOP_ANALYSIS = YES;
				CLANG_WARN_STRICT_PROTOTYPES = YES;
				CLANG_WARN_SUSPICIOUS_MOVE = YES;
				CLANG_WARN_UNGUARDED_AVAILABILITY = YES_AGGRESSIVE;
				CLANG_WARN_UNREACHABLE_CODE = YES;
				CLANG_WARN__DUPLICATE_METHOD_MATCH = YES;
				COPY_PHASE_STRIP = NO;
				DEBUG_INFORMATION_FORMAT = dwarf;
				ENABLE_STRICT_OBJC_MSGSEND = YES;
				ENABLE_TESTABILITY = YES;
				GCC_C_LANGUAGE_STANDARD = gnu11;
				GCC_DYNAMIC_NO_PIC = NO;
				GCC_NO_COMMON_BLOCKS = YES;
				GCC_OPTIMIZATION_LEVEL = 0;
				GCC_PREPROCESSOR_DEFINITIONS = (
					"DEBUG=1",
					"$(inherited)",
				);
				GCC_WARN_64_TO_32_BIT_CONVERSION = YES;
				GCC_WARN_ABOUT_RETURN_TYPE = YES_ERROR;
				GCC_WARN_UNDECLARED_SELECTOR = YES;
				GCC_WARN_UNINITIALIZED_AUTOS = YES_AGGRESSIVE;
				GCC_WARN_UNUSED_FUNCTION = YES;
				GCC_WARN_UNUSED_VARIABLE = YES;
				IPHONEOS_DEPLOYMENT_TARGET = 16.2;
				MTL_ENABLE_DEBUG_INFO = INCLUDE_SOURCE;
				MTL_FAST_MATH = YES;
				ONLY_ACTIVE_ARCH = YES;
				SDKROOT = iphoneos;
				SWIFT_ACTIVE_COMPILATION_CONDITIONS = DEBUG;
				SWIFT_OPTIMIZATION_LEVEL = "-Onone";
			};
			name = Debug;
		};
		3B37A72D296EC2520040A9AE /* Release */ = {
			isa = XCBuildConfiguration;
			buildSettings = {
				ALWAYS_SEARCH_USER_PATHS = NO;
				CLANG_ANALYZER_NONNULL = YES;
				CLANG_ANALYZER_NUMBER_OBJECT_CONVERSION = YES_AGGRESSIVE;
				CLANG_CXX_LANGUAGE_STANDARD = "gnu++20";
				CLANG_ENABLE_MODULES = YES;
				CLANG_ENABLE_OBJC_ARC = YES;
				CLANG_ENABLE_OBJC_WEAK = YES;
				CLANG_WARN_BLOCK_CAPTURE_AUTORELEASING = YES;
				CLANG_WARN_BOOL_CONVERSION = YES;
				CLANG_WARN_COMMA = YES;
				CLANG_WARN_CONSTANT_CONVERSION = YES;
				CLANG_WARN_DEPRECATED_OBJC_IMPLEMENTATIONS = YES;
				CLANG_WARN_DIRECT_OBJC_ISA_USAGE = YES_ERROR;
				CLANG_WARN_DOCUMENTATION_COMMENTS = YES;
				CLANG_WARN_EMPTY_BODY = YES;
				CLANG_WARN_ENUM_CONVERSION = YES;
				CLANG_WARN_INFINITE_RECURSION = YES;
				CLANG_WARN_INT_CONVERSION = YES;
				CLANG_WARN_NON_LITERAL_NULL_CONVERSION = YES;
				CLANG_WARN_OBJC_IMPLICIT_RETAIN_SELF = YES;
				CLANG_WARN_OBJC_LITERAL_CONVERSION = YES;
				CLANG_WARN_OBJC_ROOT_CLASS = YES_ERROR;
				CLANG_WARN_QUOTED_INCLUDE_IN_FRAMEWORK_HEADER = YES;
				CLANG_WARN_RANGE_LOOP_ANALYSIS = YES;
				CLANG_WARN_STRICT_PROTOTYPES = YES;
				CLANG_WARN_SUSPICIOUS_MOVE = YES;
				CLANG_WARN_UNGUARDED_AVAILABILITY = YES_AGGRESSIVE;
				CLANG_WARN_UNREACHABLE_CODE = YES;
				CLANG_WARN__DUPLICATE_METHOD_MATCH = YES;
				COPY_PHASE_STRIP = NO;
				DEBUG_INFORMATION_FORMAT = "dwarf-with-dsym";
				ENABLE_NS_ASSERTIONS = NO;
				ENABLE_STRICT_OBJC_MSGSEND = YES;
				GCC_C_LANGUAGE_STANDARD = gnu11;
				GCC_NO_COMMON_BLOCKS = YES;
				GCC_WARN_64_TO_32_BIT_CONVERSION = YES;
				GCC_WARN_ABOUT_RETURN_TYPE = YES_ERROR;
				GCC_WARN_UNDECLARED_SELECTOR = YES;
				GCC_WARN_UNINITIALIZED_AUTOS = YES_AGGRESSIVE;
				GCC_WARN_UNUSED_FUNCTION = YES;
				GCC_WARN_UNUSED_VARIABLE = YES;
				IPHONEOS_DEPLOYMENT_TARGET = 16.2;
				MTL_ENABLE_DEBUG_INFO = NO;
				MTL_FAST_MATH = YES;
				SDKROOT = iphoneos;
				SWIFT_COMPILATION_MODE = wholemodule;
				SWIFT_OPTIMIZATION_LEVEL = "-O";
				VALIDATE_PRODUCT = YES;
			};
			name = Release;
		};
		3B37A72F296EC2520040A9AE /* Debug */ = {
			isa = XCBuildConfiguration;
			buildSettings = {
				ASSETCATALOG_COMPILER_APPICON_NAME = AppIcon;
				ASSETCATALOG_COMPILER_GLOBAL_ACCENT_COLOR_NAME = AccentColor;
				CODE_SIGN_STYLE = Automatic;
				CURRENT_PROJECT_VERSION = 1;
				DEVELOPMENT_ASSET_PATHS = "";
				DEVELOPMENT_TEAM = J3RR7Q3QN2;
				ENABLE_PREVIEWS = YES;
				GENERATE_INFOPLIST_FILE = YES;
				INFOPLIST_KEY_UIApplicationSceneManifest_Generation = YES;
				INFOPLIST_KEY_UIApplicationSupportsIndirectInputEvents = YES;
				INFOPLIST_KEY_UILaunchScreen_Generation = YES;
				INFOPLIST_KEY_UISupportedInterfaceOrientations_iPad = "UIInterfaceOrientationPortrait UIInterfaceOrientationPortraitUpsideDown UIInterfaceOrientationLandscapeLeft UIInterfaceOrientationLandscapeRight";
				INFOPLIST_KEY_UISupportedInterfaceOrientations_iPhone = "UIInterfaceOrientationPortrait UIInterfaceOrientationLandscapeLeft UIInterfaceOrientationLandscapeRight";
				LD_RUNPATH_SEARCH_PATHS = (
					"$(inherited)",
					"@executable_path/Frameworks",
				);
				MARKETING_VERSION = 1.0;
				PRODUCT_BUNDLE_IDENTIFIER = com.unexPIERienced.exPIERed;
				PRODUCT_NAME = "$(TARGET_NAME)";
				SWIFT_EMIT_LOC_STRINGS = YES;
				SWIFT_VERSION = 5.0;
				TARGETED_DEVICE_FAMILY = "1,2";
			};
			name = Debug;
		};
		3B37A730296EC2520040A9AE /* Release */ = {
			isa = XCBuildConfiguration;
			buildSettings = {
				ASSETCATALOG_COMPILER_APPICON_NAME = AppIcon;
				ASSETCATALOG_COMPILER_GLOBAL_ACCENT_COLOR_NAME = AccentColor;
				CODE_SIGN_STYLE = Automatic;
				CURRENT_PROJECT_VERSION = 1;
				DEVELOPMENT_ASSET_PATHS = "";
				DEVELOPMENT_TEAM = J3RR7Q3QN2;
				ENABLE_PREVIEWS = YES;
				GENERATE_INFOPLIST_FILE = YES;
				INFOPLIST_KEY_UIApplicationSceneManifest_Generation = YES;
				INFOPLIST_KEY_UIApplicationSupportsIndirectInputEvents = YES;
				INFOPLIST_KEY_UILaunchScreen_Generation = YES;
				INFOPLIST_KEY_UISupportedInterfaceOrientations_iPad = "UIInterfaceOrientationPortrait UIInterfaceOrientationPortraitUpsideDown UIInterfaceOrientationLandscapeLeft UIInterfaceOrientationLandscapeRight";
				INFOPLIST_KEY_UISupportedInterfaceOrientations_iPhone = "UIInterfaceOrientationPortrait UIInterfaceOrientationLandscapeLeft UIInterfaceOrientationLandscapeRight";
				LD_RUNPATH_SEARCH_PATHS = (
					"$(inherited)",
					"@executable_path/Frameworks",
				);
				MARKETING_VERSION = 1.0;
				PRODUCT_BUNDLE_IDENTIFIER = com.unexPIERienced.exPIERed;
				PRODUCT_NAME = "$(TARGET_NAME)";
				SWIFT_EMIT_LOC_STRINGS = YES;
				SWIFT_VERSION = 5.0;
				TARGETED_DEVICE_FAMILY = "1,2";
			};
			name = Release;
		};
/* End XCBuildConfiguration section */

/* Begin XCConfigurationList section */
		3B37A71B296EC2510040A9AE /* Build configuration list for PBXProject "exPIERed" */ = {
			isa = XCConfigurationList;
			buildConfigurations = (
				3B37A72C296EC2520040A9AE /* Debug */,
				3B37A72D296EC2520040A9AE /* Release */,
			);
			defaultConfigurationIsVisible = 0;
			defaultConfigurationName = Release;
		};
		3B37A72E296EC2520040A9AE /* Build configuration list for PBXNativeTarget "exPIERed" */ = {
			isa = XCConfigurationList;
			buildConfigurations = (
				3B37A72F296EC2520040A9AE /* Debug */,
				3B37A730296EC2520040A9AE /* Release */,
			);
			defaultConfigurationIsVisible = 0;
			defaultConfigurationName = Release;
		};
/* End XCConfigurationList section */
	};
	rootObject = 3B37A718296EC2510040A9AE /* Project object */;
}
